
Microsoft Visual Studio Solution File, Format Version 12.00
# Visual Studio Version 17
VisualStudioVersion = 17.3.32825.248
MinimumVisualStudioVersion = 10.0.40219.1
Project("{FAE04EC0-301F-11D3-BF4B-00C04F79EFBC}") = "MiSoap", "MiSoap\MiSoap.csproj", "{AFB994F6-8050-498D-869E-94E4D34AA89A}"
EndProject
Project("{FAE04EC0-301F-11D3-BF4B-00C04F79EFBC}") = "Cliente", "WindowsFormsApp1\Cliente.csproj", "{5C8D9B3F-9137-44E8-B291-F527E1B7838B}"
	ProjectSection(ProjectDependencies) = postProject
		{AFB994F6-8050-498D-869E-94E4D34AA89A} = {AFB994F6-8050-498D-869E-94E4D34AA89A}
	EndProjectSection
EndProject
Global
	GlobalSection(SolutionConfigurationPlatforms) = preSolution
		Debug|Any CPU = Debug|Any CPU
		Release|Any CPU = Release|Any CPU
	EndGlobalSection
	GlobalSection(ProjectConfigurationPlatforms) = postSolution
		{AFB994F6-8050-498D-869E-94E4D34AA89A}.Debug|Any CPU.ActiveCfg = Debug|Any CPU
		{AFB994F6-8050-498D-869E-94E4D34AA89A}.Debug|Any CPU.Build.0 = Debug|Any CPU
		{AFB994F6-8050-498D-869E-94E4D34AA89A}.Release|Any CPU.ActiveCfg = Release|Any CPU
		{AFB994F6-8050-498D-869E-94E4D34AA89A}.Release|Any CPU.Build.0 = Release|Any CPU
		{5C8D9B3F-9137-44E8-B291-F527E1B7838B}.Debug|Any CPU.ActiveCfg = Debug|Any CPU
		{5C8D9B3F-9137-44E8-B291-F527E1B7838B}.Debug|Any CPU.Build.0 = Debug|Any CPU
		{5C8D9B3F-9137-44E8-B291-F527E1B7838B}.Release|Any CPU.ActiveCfg = Release|Any CPU
		{5C8D9B3F-9137-44E8-B291-F527E1B7838B}.Release|Any CPU.Build.0 = Release|Any CPU
	EndGlobalSection
	GlobalSection(SolutionProperties) = preSolution
		HideSolutionNode = FALSE
	EndGlobalSection
	GlobalSection(ExtensibilityGlobals) = postSolution
		SolutionGuid = {E2F9B015-3501-43D1-A191-AD1F939FEDBF}
	EndGlobalSection
EndGlobal
